// !$*UTF8*$!
{
	archiveVersion = 1;
	classes = {
	};
	objectVersion = 46;
	objects = {

/* Begin PBXBuildFile section */
		641920611F595EC1002D6254 /* main.m in Sources */ = {isa = PBXBuildFile; fileRef = 641920601F595EC1002D6254 /* main.m */; };
		641920641F595EC1002D6254 /* AppDelegate.m in Sources */ = {isa = PBXBuildFile; fileRef = 641920631F595EC1002D6254 /* AppDelegate.m */; };
		641920671F595EC1002D6254 /* ViewController.m in Sources */ = {isa = PBXBuildFile; fileRef = 641920661F595EC1002D6254 /* ViewController.m */; };
		6419206A1F595EC1002D6254 /* Main.storyboard in Resources */ = {isa = PBXBuildFile; fileRef = 641920681F595EC1002D6254 /* Main.storyboard */; };
		6419206C1F595EC1002D6254 /* Assets.xcassets in Resources */ = {isa = PBXBuildFile; fileRef = 6419206B1F595EC1002D6254 /* Assets.xcassets */; };
		6419206F1F595EC1002D6254 /* LaunchScreen.storyboard in Resources */ = {isa = PBXBuildFile; fileRef = 6419206D1F595EC1002D6254 /* LaunchScreen.storyboard */; };
		641920781F596242002D6254 /* MLDDrawingBoard.m in Sources */ = {isa = PBXBuildFile; fileRef = 641920771F596242002D6254 /* MLDDrawingBoard.m */; };
/* End PBXBuildFile section */

/* Begin PBXFileReference section */
		6419205C1F595EC0002D6254 /* MLDDrawingBoard.app */ = {isa = PBXFileReference; explicitFileType = wrapper.application; includeInIndex = 0; path = MLDDrawingBoard.app; sourceTree = BUILT_PRODUCTS_DIR; };
		641920601F595EC1002D6254 /* main.m */ = {isa = PBXFileReference; lastKnownFileType = sourcecode.c.objc; path = main.m; sourceTree = "<group>"; };
		641920621F595EC1002D6254 /* AppDelegate.h */ = {isa = PBXFileReference; lastKnownFileType = sourcecode.c.h; path = AppDelegate.h; sourceTree = "<group>"; };
		641920631F595EC1002D6254 /* AppDelegate.m */ = {isa = PBXFileReference; lastKnownFileType = sourcecode.c.objc; path = AppDelegate.m; sourceTree = "<group>"; };
		641920651F595EC1002D6254 /* ViewController.h */ = {isa = PBXFileReference; lastKnownFileType = sourcecode.c.h; path = ViewController.h; sourceTree = "<group>"; };
		641920661F595EC1002D6254 /* ViewController.m */ = {isa = PBXFileReference; lastKnownFileType = sourcecode.c.objc; path = ViewController.m; sourceTree = "<group>"; };
		641920691F595EC1002D6254 /* Base */ = {isa = PBXFileReference; lastKnownFileType = file.storyboard; name = Base; path = Base.lproj/Main.storyboard; sourceTree = "<group>"; };
		6419206B1F595EC1002D6254 /* Assets.xcassets */ = {isa = PBXFileReference; lastKnownFileType = folder.assetcatalog; path = Assets.xcassets; sourceTree = "<group>"; };
		6419206E1F595EC1002D6254 /* Base */ = {isa = PBXFileReference; lastKnownFileType = file.storyboard; name = Base; path = Base.lproj/LaunchScreen.storyboard; sourceTree = "<group>"; };
		641920701F595EC1002D6254 /* Info.plist */ = {isa = PBXFileReference; lastKnownFileType = text.plist.xml; path = Info.plist; sourceTree = "<group>"; };
		641920761F596242002D6254 /* MLDDrawingBoard.h */ = {isa = PBXFileReference; fileEncoding = 4; lastKnownFileType = sourcecode.c.h; path = MLDDrawingBoard.h; sourceTree = "<group>"; };
		641920771F596242002D6254 /* MLDDrawingBoard.m */ = {isa = PBXFileReference; fileEncoding = 4; lastKnownFileType = sourcecode.c.objc; path = MLDDrawingBoard.m; sourceTree = "<group>"; };
/* End PBXFileReference section */

/* Begin PBXFrameworksBuildPhase section */
		641920591F595EC0002D6254 /* Frameworks */ = {
			isa = PBXFrameworksBuildPhase;
			buildActionMask = 2147483647;
			files = (
			);
			runOnlyForDeploymentPostprocessing = 0;
		};
/* End PBXFrameworksBuildPhase section */

/* Begin PBXGroup section */
		641920531F595EC0002D6254 = {
			isa = PBXGroup;
			children = (
				6419205E1F595EC1002D6254 /* MLDDrawingBoard */,
				6419205D1F595EC0002D6254 /* Products */,
			);
			sourceTree = "<group>";
		};
		6419205D1F595EC0002D6254 /* Products */ = {
			isa = PBXGroup;
			children = (
				6419205C1F595EC0002D6254 /* MLDDrawingBoard.app */,
			);
			name = Products;
			sourceTree = "<group>";
		};
		6419205E1F595EC1002D6254 /* MLDDrawingBoard */ = {
			isa = PBXGroup;
			children = (
				641920621F595EC1002D6254 /* AppDelegate.h */,
				641920631F595EC1002D6254 /* AppDelegate.m */,
				641920651F595EC1002D6254 /* ViewController.h */,
				641920661F595EC1002D6254 /* ViewController.m */,
				641920761F596242002D6254 /* MLDDrawingBoard.h */,
				641920771F596242002D6254 /* MLDDrawingBoard.m */,
				641920681F595EC1002D6254 /* Main.storyboard */,
				6419206B1F595EC1002D6254 /* Assets.xcassets */,
				6419206D1F595EC1002D6254 /* LaunchScreen.storyboard */,
				641920701F595EC1002D6254 /* Info.plist */,
				6419205F1F595EC1002D6254 /* Supporting Files */,
			);
			path = MLDDrawingBoard;
			sourceTree = "<group>";
		};
		6419205F1F595EC1002D6254 /* Supporting Files */ = {
			isa = PBXGroup;
			children = (
				641920601F595EC1002D6254 /* main.m */,
			);
			name = "Supporting Files";
			sourceTree = "<group>";
		};
/* End PBXGroup section */

/* Begin PBXNativeTarget section */
		6419205B1F595EC0002D6254 /* MLDDrawingBoard */ = {
			isa = PBXNativeTarget;
			buildConfigurationList = 641920731F595EC1002D6254 /* Build configuration list for PBXNativeTarget "MLDDrawingBoard" */;
			buildPhases = (
				641920581F595EC0002D6254 /* Sources */,
				641920591F595EC0002D6254 /* Frameworks */,
				6419205A1F595EC0002D6254 /* Resources */,
			);
			buildRules = (
			);
			dependencies = (
			);
			name = MLDDrawingBoard;
			productName = MLDDrawingBoard;
			productReference = 6419205C1F595EC0002D6254 /* MLDDrawingBoard.app */;
			productType = "com.apple.product-type.application";
		};
/* End PBXNativeTarget section */

/* Begin PBXProject section */
		641920541F595EC0002D6254 /* Project object */ = {
			isa = PBXProject;
			attributes = {
				LastUpgradeCheck = 0830;
				ORGANIZATIONNAME = Moliy;
				TargetAttributes = {
					6419205B1F595EC0002D6254 = {
						CreatedOnToolsVersion = 8.3.3;
						DevelopmentTeam = ER6VA234TS;
						ProvisioningStyle = Automatic;
					};
				};
			};
			buildConfigurationList = 641920571F595EC0002D6254 /* Build configuration list for PBXProject "MLDDrawingBoard" */;
			compatibilityVersion = "Xcode 3.2";
			developmentRegion = English;
			hasScannedForEncodings = 0;
			knownRegions = (
				en,
				Base,
			);
			mainGroup = 641920531F595EC0002D6254;
			productRefGroup = 6419205D1F595EC0002D6254 /* Products */;
			projectDirPath = "";
			projectRoot = "";
			targets = (
				6419205B1F595EC0002D6254 /* MLDDrawingBoard */,
			);
		};
/* End PBXProject section */

/* Begin PBXResourcesBuildPhase section */
		6419205A1F595EC0002D6254 /* Resources */ = {
			isa = PBXResourcesBuildPhase;
			buildActionMask = 2147483647;
			files = (
				6419206F1F595EC1002D6254 /* LaunchScreen.storyboard in Resources */,
				6419206C1F595EC1002D6254 /* Assets.xcassets in Resources */,
				6419206A1F595EC1002D6254 /* Main.storyboard in Resources */,
			);
			runOnlyForDeploymentPostprocessing = 0;
		};
/* End PBXResourcesBuildPhase section */

/* Begin PBXSourcesBuildPhase section */
		641920581F595EC0002D6254 /* Sources */ = {
			isa = PBXSourcesBuildPhase;
			buildActionMask = 2147483647;
			files = (
				641920671F595EC1002D6254 /* ViewController.m in Sources */,
				641920781F596242002D6254 /* MLDDrawingBoard.m in Sources */,
				641920641F595EC1002D6254 /* AppDelegate.m in Sources */,
				641920611F595EC1002D6254 /* main.m in Sources */,
			);
			runOnlyForDeploymentPostprocessing = 0;
		};
/* End PBXSourcesBuildPhase section */

/* Begin PBXVariantGroup section */
		641920681F595EC1002D6254 /* Main.storyboard */ = {
			isa = PBXVariantGroup;
			children = (
				641920691F595EC1002D6254 /* Base */,
			);
			name = Main.storyboard;
			sourceTree = "<group>";
		};
		6419206D1F595EC1002D6254 /* LaunchScreen.storyboard */ = {
			isa = PBXVariantGroup;
			children = (
				6419206E1F595EC1002D6254 /* Base */,
			);
			name = LaunchScreen.storyboard;
			sourceTree = "<group>";
		};
/* End PBXVariantGroup section */

/* Begin XCBuildConfiguration section */
		641920711F595EC1002D6254 /* Debug */ = {
			isa = XCBuildConfiguration;
			buildSettings = {
				ALWAYS_SEARCH_USER_PATHS = NO;
				CLANG_ANALYZER_NONNULL = YES;
				CLANG_ANALYZER_NUMBER_OBJECT_CONVERSION = YES_AGGRESSIVE;
				CLANG_CXX_LANGUAGE_STANDARD = "gnu++0x";
				CLANG_CXX_LIBRARY = "libc++";
				CLANG_ENABLE_MODULES = YES;
				CLANG_ENABLE_OBJC_ARC = YES;
				CLANG_WARN_BOOL_CONVERSION = YES;
				CLANG_WARN_CONSTANT_CONVERSION = YES;
				CLANG_WARN_DIRECT_OBJC_ISA_USAGE = YES_ERROR;
				CLANG_WARN_DOCUMENTATION_COMMENTS = YES;
				CLANG_WARN_EMPTY_BODY = YES;
				CLANG_WARN_ENUM_CONVERSION = YES;
				CLANG_WARN_INFINITE_RECURSION = YES;
				CLANG_WARN_INT_CONVERSION = YES;
				CLANG_WARN_OBJC_ROOT_CLASS = YES_ERROR;
				CLANG_WARN_SUSPICIOUS_MOVE = YES;
				CLANG_WARN_UNREACHABLE_CODE = YES;
				CLANG_WARN__DUPLICATE_METHOD_MATCH = YES;
				"CODE_SIGN_IDENTITY[sdk=iphoneos*]" = "iPhone Developer";
				COPY_PHASE_STRIP = NO;
				DEBUG_INFORMATION_FORMAT = dwarf;
				ENABLE_STRICT_OBJC_MSGSEND = YES;
				ENABLE_TESTABILITY = YES;
				GCC_C_LANGUAGE_STANDARD = gnu99;
				GCC_DYNAMIC_NO_PIC = NO;
				GCC_NO_COMMON_BLOCKS = YES;
				GCC_OPTIMIZATION_LEVEL = 0;
				GCC_PREPROCESSOR_DEFINITIONS = (
					"DEBUG=1",
					"$(inherited)",
				);
				GCC_WARN_64_TO_32_BIT_CONVERSION = YES;
				GCC_WARN_ABOUT_RETURN_TYPE = YES_ERROR;
				GCC_WARN_UNDECLARED_SELECTOR = YES;
				GCC_WARN_UNINITIALIZED_AUTOS = YES_AGGRESSIVE;
				GCC_WARN_UNUSED_FUNCTION = YES;
				GCC_WARN_UNUSED_VARIABLE = YES;
				IPHONEOS_DEPLOYMENT_TARGET = 10.3;
				MTL_ENABLE_DEBUG_INFO = YES;
				ONLY_ACTIVE_ARCH = YES;
				SDKROOT = iphoneos;
				TARGETED_DEVICE_FAMILY = "1,2";
			};
			name = Debug;
		};
		641920721F595EC1002D6254 /* Release */ = {
			isa = XCBuildConfiguration;
			buildSettings = {
				ALWAYS_SEARCH_USER_PATHS = NO;
				CLANG_ANALYZER_NONNULL = YES;
				CLANG_ANALYZER_NUMBER_OBJECT_CONVERSION = YES_AGGRESSIVE;
				CLANG_CXX_LANGUAGE_STANDARD = "gnu++0x";
				CLANG_CXX_LIBRARY = "libc++";
				CLANG_ENABLE_MODULES = YES;
				CLANG_ENABLE_OBJC_ARC = YES;
				CLANG_WARN_BOOL_CONVERSION = YES;
				CLANG_WARN_CONSTANT_CONVERSION = YES;
				CLANG_WARN_DIRECT_OBJC_ISA_USAGE = YES_ERROR;
				CLANG_WARN_DOCUMENTATION_COMMENTS = YES;
				CLANG_WARN_EMPTY_BODY = YES;
				CLANG_WARN_ENUM_CONVERSION = YES;
				CLANG_WARN_INFINITE_RECURSION = YES;
				CLANG_WARN_INT_CONVERSION = YES;
				CLANG_WARN_OBJC_ROOT_CLASS = YES_ERROR;
				CLANG_WARN_SUSPICIOUS_MOVE = YES;
				CLANG_WARN_UNREACHABLE_CODE = YES;
				CLANG_WARN__DUPLICATE_METHOD_MATCH = YES;
				"CODE_SIGN_IDENTITY[sdk=iphoneos*]" = "iPhone Developer";
				COPY_PHASE_STRIP = NO;
				DEBUG_INFORMATION_FORMAT = "dwarf-with-dsym";
				ENABLE_NS_ASSERTIONS = NO;
				ENABLE_STRICT_OBJC_MSGSEND = YES;
				GCC_C_LANGUAGE_STANDARD = gnu99;
				GCC_NO_COMMON_BLOCKS = YES;
				GCC_WARN_64_TO_32_BIT_CONVERSION = YES;
				GCC_WARN_ABOUT_RETURN_TYPE = YES_ERROR;
				GCC_WARN_UNDECLARED_SELECTOR = YES;
				GCC_WARN_UNINITIALIZED_AUTOS = YES_AGGRESSIVE;
				GCC_WARN_UNUSED_FUNCTION = YES;
				GCC_WARN_UNUSED_VARIABLE = YES;
				IPHONEOS_DEPLOYMENT_TARGET = 10.3;
				MTL_ENABLE_DEBUG_INFO = NO;
				SDKROOT = iphoneos;
				TARGETED_DEVICE_FAMILY = "1,2";
				VALIDATE_PRODUCT = YES;
			};
			name = Release;
		};
		641920741F595EC1002D6254 /* Debug */ = {
			isa = XCBuildConfiguration;
			buildSettings = {
				ASSETCATALOG_COMPILER_APPICON_NAME = AppIcon;
				DEVELOPMENT_TEAM = ER6VA234TS;
				INFOPLIST_FILE = MLDDrawingBoard/Info.plist;
				LD_RUNPATH_SEARCH_PATHS = "$(inherited) @executable_path/Frameworks";
				PRODUCT_BUNDLE_IDENTIFIER = com.uhisports.football.MLDDrawingBoard;
				PRODUCT_NAME = "$(TARGET_NAME)";
			};
			name = Debug;
		};
		641920751F595EC1002D6254 /* Release */ = {
			isa = XCBuildConfiguration;
			buildSettings = {
				ASSETCATALOG_COMPILER_APPICON_NAME = AppIcon;
				DEVELOPMENT_TEAM = ER6VA234TS;
				INFOPLIST_FILE = MLDDrawingBoard/Info.plist;
				LD_RUNPATH_SEARCH_PATHS = "$(inherited) @executable_path/Frameworks";
				PRODUCT_BUNDLE_IDENTIFIER = com.uhisports.football.MLDDrawingBoard;
				PRODUCT_NAME = "$(TARGET_NAME)";
			};
			name = Release;
		};
/* End XCBuildConfiguration section */

/* Begin XCConfigurationList section */
		641920571F595EC0002D6254 /* Build configuration list for PBXProject "MLDDrawingBoard" */ = {
			isa = XCConfigurationList;
			buildConfigurations = (
				641920711F595EC1002D6254 /* Debug */,
				641920721F595EC1002D6254 /* Release */,
			);
			defaultConfigurationIsVisible = 0;
			defaultConfigurationName = Release;
		};
		641920731F595EC1002D6254 /* Build configuration list for PBXNativeTarget "MLDDrawingBoard" */ = {
			isa = XCConfigurationList;
			buildConfigurations = (
				641920741F595EC1002D6254 /* Debug */,
				641920751F595EC1002D6254 /* Release */,
			);
			defaultConfigurationIsVisible = 0;
		};
/* End XCConfigurationList section */
	};
	rootObject = 641920541F595EC0002D6254 /* Project object */;
}
